
Microsoft Visual Studio Solution File, Format Version 12.00
# Visual Studio Version 17
VisualStudioVersion = 17.8.34316.72
MinimumVisualStudioVersion = 10.0.40219.1
Project("{9A19103F-16F7-4668-BE54-9A1E7A4F7556}") = "SurApp", "SurApp\SurApp.csproj", "{EFB32192-4395-410E-B6F8-0F7FB053FF50}"
EndProject
Project("{9A19103F-16F7-4668-BE54-9A1E7A4F7556}") = "SurMath", "SurMath\SurMath.csproj", "{CBBF1847-043C-44FF-8FAB-8577D361001E}"
EndProject
Project("{2150E333-8FDC-42A3-9474-1A3956D46DE8}") = "解决方案项", "解决方案项", "{73A44192-F8D5-4DF1-8C3B-26E73D8DC5F2}"
	ProjectSection(SolutionItems) = preProject
		.gitignore = .gitignore
		LICENSE = LICENSE
		README.md = README.md
	EndProjectSection
EndProject
Project("{FAE04EC0-301F-11D3-BF4B-00C04F79EFBC}") = "TestSurMath", "TestSurMath\TestSurMath.csproj", "{B8D4FDF7-6524-5C44-8040-C69C182FE7AD}"
EndProject
Global
	GlobalSection(SolutionConfigurationPlatforms) = preSolution
		Debug|Any CPU = Debug|Any CPU
		Release|Any CPU = Release|Any CPU
	EndGlobalSection
	GlobalSection(ProjectConfigurationPlatforms) = postSolution
		{EFB32192-4395-410E-B6F8-0F7FB053FF50}.Debug|Any CPU.ActiveCfg = Debug|Any CPU
		{EFB32192-4395-410E-B6F8-0F7FB053FF50}.Debug|Any CPU.Build.0 = Debug|Any CPU
		{EFB32192-4395-410E-B6F8-0F7FB053FF50}.Release|Any CPU.ActiveCfg = Release|Any CPU
		{EFB32192-4395-410E-B6F8-0F7FB053FF50}.Release|Any CPU.Build.0 = Release|Any CPU
		{CBBF1847-043C-44FF-8FAB-8577D361001E}.Debug|Any CPU.ActiveCfg = Debug|Any CPU
		{CBBF1847-043C-44FF-8FAB-8577D361001E}.Debug|Any CPU.Build.0 = Debug|Any CPU
		{CBBF1847-043C-44FF-8FAB-8577D361001E}.Release|Any CPU.ActiveCfg = Release|Any CPU
		{CBBF1847-043C-44FF-8FAB-8577D361001E}.Release|Any CPU.Build.0 = Release|Any CPU
		{B8D4FDF7-6524-5C44-8040-C69C182FE7AD}.Debug|Any CPU.ActiveCfg = Debug|Any CPU
		{B8D4FDF7-6524-5C44-8040-C69C182FE7AD}.Debug|Any CPU.Build.0 = Debug|Any CPU
		{B8D4FDF7-6524-5C44-8040-C69C182FE7AD}.Release|Any CPU.ActiveCfg = Release|Any CPU
		{B8D4FDF7-6524-5C44-8040-C69C182FE7AD}.Release|Any CPU.Build.0 = Release|Any CPU
	EndGlobalSection
	GlobalSection(SolutionProperties) = preSolution
		HideSolutionNode = FALSE
	EndGlobalSection
	GlobalSection(ExtensibilityGlobals) = postSolution
		SolutionGuid = {9F6CC653-9F9E-4225-A183-C2F40B59503F}
	EndGlobalSection
EndGlobal
